
Microsoft Visual Studio Solution File, Format Version 11.00
# Visual Studio 2010
Project("{FAE04EC0-301F-11D3-BF4B-00C04F79EFBC}") = "The_Last_Slime_coor", "Assembly-CSharp.csproj", "{C8EAB5C1-C223-8D58-7B6F-C45EA04B28B3}"
EndProject
Global
	GlobalSection(SolutionConfigurationPlatforms) = preSolution
		Debug|Any CPU = Debug|Any CPU
		Release|Any CPU = Release|Any CPU
	EndGlobalSection
	GlobalSection(ProjectConfigurationPlatforms) = postSolution
		{C8EAB5C1-C223-8D58-7B6F-C45EA04B28B3}.Debug|Any CPU.ActiveCfg = Debug|Any CPU
		{C8EAB5C1-C223-8D58-7B6F-C45EA04B28B3}.Debug|Any CPU.Build.0 = Debug|Any CPU
		{C8EAB5C1-C223-8D58-7B6F-C45EA04B28B3}.Release|Any CPU.ActiveCfg = Release|Any CPU
		{C8EAB5C1-C223-8D58-7B6F-C45EA04B28B3}.Release|Any CPU.Build.0 = Release|Any CPU
	EndGlobalSection
	GlobalSection(SolutionProperties) = preSolution
		HideSolutionNode = FALSE
	EndGlobalSection
	GlobalSection(MonoDevelopProperties) = preSolution
		StartupItem = Assembly-CSharp.csproj
	EndGlobalSection
EndGlobal
